
Microsoft Visual Studio Solution File, Format Version 12.00
# Visual Studio Version 17
VisualStudioVersion = 17.0.31903.59
MinimumVisualStudioVersion = 10.0.40219.1
Project("{2150E333-8FDC-42A3-9474-1A3956D46DE8}") = "src", "src", "{2C09455B-7F4E-4881-9E8A-08E94ABC8D03}"
EndProject
Project("{FAE04EC0-301F-11D3-BF4B-00C04F79EFBC}") = "VisionMaven.Core", "src\VisionMaven.Core\VisionMaven.Core.csproj", "{C2CC1C8C-1567-4A3D-AFE9-28E45D20B526}"
EndProject
Project("{FAE04EC0-301F-11D3-BF4B-00C04F79EFBC}") = "VisionMaven.Infrastructure", "src\VisionMaven.Infrastructure\VisionMaven.Infrastructure.csproj", "{5D085898-B081-48BF-B5A4-FDE32DA1B493}"
EndProject
Project("{FAE04EC0-301F-11D3-BF4B-00C04F79EFBC}") = "VisionMaven.Vision", "src\VisionMaven.Vision\VisionMaven.Vision.csproj", "{DF0BC98A-FA02-4879-9E91-1B1DC1664611}"
EndProject
Project("{FAE04EC0-301F-11D3-BF4B-00C04F79EFBC}") = "VisionMaven.Flow", "src\VisionMaven.Flow\VisionMaven.Flow.csproj", "{3319D4E6-F928-4E44-ADCB-73D2175BDD70}"
EndProject
Project("{FAE04EC0-301F-11D3-BF4B-00C04F79EFBC}") = "VisionMaven.Devices.Mock", "src\VisionMaven.Devices.Mock\VisionMaven.Devices.Mock.csproj", "{57A70383-85C2-4344-931C-7DAC11EA74DA}"
EndProject
Project("{FAE04EC0-301F-11D3-BF4B-00C04F79EFBC}") = "VisionMaven.Modules.Shared", "src\VisionMaven.Modules.Shared\VisionMaven.Modules.Shared.csproj", "{B9284B10-2CB0-4587-BBF4-E03BFD6ADD53}"
EndProject
Project("{FAE04EC0-301F-11D3-BF4B-00C04F79EFBC}") = "VisionMaven.Modules.Home", "src\VisionMaven.Modules.Home\VisionMaven.Modules.Home.csproj", "{59F198CC-6C52-490E-83FD-9E2ABA0A6326}"
EndProject
Project("{FAE04EC0-301F-11D3-BF4B-00C04F79EFBC}") = "VisionMaven.App", "src\VisionMaven.App\VisionMaven.App.csproj", "{FD385180-B070-42D8-BD04-24A62A5F4D55}"
EndProject
Project("{FAE04EC0-301F-11D3-BF4B-00C04F79EFBC}") = "VisionMaven.Devices.Hikvision", "src\VisionMaven.Devices.Hikvision\VisionMaven.Devices.Hikvision.csproj", "{AA8271F1-551A-431E-B831-C09B0A061942}"
EndProject
Project("{FAE04EC0-301F-11D3-BF4B-00C04F79EFBC}") = "VisionMaven.Devices.GenTL", "src\VisionMaven.Devices.GenTL\VisionMaven.Devices.GenTL.csproj", "{D78FE42B-06FA-4B4F-8861-F18082E32B0C}"
EndProject
Project("{FAE04EC0-301F-11D3-BF4B-00C04F79EFBC}") = "VisionMaven.Devices.Light.Serial", "src\VisionMaven.Devices.Light.Serial\VisionMaven.Devices.Light.Serial.csproj", "{205DA972-920F-40B4-8E91-5A5978AC7C84}"
EndProject
Project("{FAE04EC0-301F-11D3-BF4B-00C04F79EFBC}") = "VisionMaven.Devices.Light.Tcp", "src\VisionMaven.Devices.Light.Tcp\VisionMaven.Devices.Light.Tcp.csproj", "{51912D42-FCF6-4752-AD37-B4B69DD6E5B9}"
EndProject
Project("{FAE04EC0-301F-11D3-BF4B-00C04F79EFBC}") = "VisionMaven.Devices.Modbus", "src\VisionMaven.Devices.Modbus\VisionMaven.Devices.Modbus.csproj", "{F1723A04-DFDD-45D1-8133-25F50F62B4A8}"
EndProject
Project("{FAE04EC0-301F-11D3-BF4B-00C04F79EFBC}") = "VisionMaven.Devices.S7", "src\VisionMaven.Devices.S7\VisionMaven.Devices.S7.csproj", "{138A5E43-2199-48D5-90A0-9253025727F2}"
EndProject
Project("{FAE04EC0-301F-11D3-BF4B-00C04F79EFBC}") = "VisionMaven.Devices.Mes", "src\VisionMaven.Devices.Mes\VisionMaven.Devices.Mes.csproj", "{603D3018-9571-425B-9850-F3C1DF895D58}"
EndProject
Project("{FAE04EC0-301F-11D3-BF4B-00C04F79EFBC}") = "VisionMaven.Modules.FlowEditor", "src\VisionMaven.Modules.FlowEditor\VisionMaven.Modules.FlowEditor.csproj", "{440A0D69-B970-4B6D-BFE2-E50345599F60}"
EndProject
Project("{FAE04EC0-301F-11D3-BF4B-00C04F79EFBC}") = "VisionMaven.Modules.Algorithm", "src\VisionMaven.Modules.Algorithm\VisionMaven.Modules.Algorithm.csproj", "{7C9663E4-478E-4320-B0C2-7DBCE07D8B34}"
EndProject
Project("{FAE04EC0-301F-11D3-BF4B-00C04F79EFBC}") = "VisionMaven.Modules.Model", "src\VisionMaven.Modules.Model\VisionMaven.Modules.Model.csproj", "{6845F7C9-FDC4-47FD-AD1B-4159A6EDBF4B}"
EndProject
Project("{FAE04EC0-301F-11D3-BF4B-00C04F79EFBC}") = "VisionMaven.Modules.Parameter", "src\VisionMaven.Modules.Parameter\VisionMaven.Modules.Parameter.csproj", "{2AED313E-52A1-4EB9-93CB-FFAFC8CFA7BB}"
EndProject
Project("{FAE04EC0-301F-11D3-BF4B-00C04F79EFBC}") = "VisionMaven.Modules.Device", "src\VisionMaven.Modules.Device\VisionMaven.Modules.Device.csproj", "{9EEB7B3B-6048-4A8A-8F73-1D647124C03F}"
EndProject
Project("{FAE04EC0-301F-11D3-BF4B-00C04F79EFBC}") = "VisionMaven.Modules.Communication", "src\VisionMaven.Modules.Communication\VisionMaven.Modules.Communication.csproj", "{CF572D5B-03E8-44D8-9908-1B81F1E9A934}"
EndProject
Project("{FAE04EC0-301F-11D3-BF4B-00C04F79EFBC}") = "VisionMaven.Modules.Security", "src\VisionMaven.Modules.Security\VisionMaven.Modules.Security.csproj", "{EBD795EF-A690-42E6-B70B-5B74F2F75C53}"
EndProject
Project("{FAE04EC0-301F-11D3-BF4B-00C04F79EFBC}") = "VisionMaven.Modules.Project", "src\VisionMaven.Modules.Project\VisionMaven.Modules.Project.csproj", "{F67C5698-A3D1-44EB-8BA4-3862BCC0C5D2}"
EndProject
Global
	GlobalSection(SolutionConfigurationPlatforms) = preSolution
		Debug|Any CPU = Debug|Any CPU
		Release|Any CPU = Release|Any CPU
	EndGlobalSection
	GlobalSection(SolutionProperties) = preSolution
		HideSolutionNode = FALSE
	EndGlobalSection
	GlobalSection(ProjectConfigurationPlatforms) = postSolution
		{C2CC1C8C-1567-4A3D-AFE9-28E45D20B526}.Debug|Any CPU.ActiveCfg = Debug|Any CPU
		{C2CC1C8C-1567-4A3D-AFE9-28E45D20B526}.Debug|Any CPU.Build.0 = Debug|Any CPU
		{C2CC1C8C-1567-4A3D-AFE9-28E45D20B526}.Release|Any CPU.ActiveCfg = Release|Any CPU
		{C2CC1C8C-1567-4A3D-AFE9-28E45D20B526}.Release|Any CPU.Build.0 = Release|Any CPU
		{5D085898-B081-48BF-B5A4-FDE32DA1B493}.Debug|Any CPU.ActiveCfg = Debug|Any CPU
		{5D085898-B081-48BF-B5A4-FDE32DA1B493}.Debug|Any CPU.Build.0 = Debug|Any CPU
		{5D085898-B081-48BF-B5A4-FDE32DA1B493}.Release|Any CPU.ActiveCfg = Release|Any CPU
		{5D085898-B081-48BF-B5A4-FDE32DA1B493}.Release|Any CPU.Build.0 = Release|Any CPU
		{DF0BC98A-FA02-4879-9E91-1B1DC1664611}.Debug|Any CPU.ActiveCfg = Debug|Any CPU
		{DF0BC98A-FA02-4879-9E91-1B1DC1664611}.Debug|Any CPU.Build.0 = Debug|Any CPU
		{DF0BC98A-FA02-4879-9E91-1B1DC1664611}.Release|Any CPU.ActiveCfg = Release|Any CPU
		{DF0BC98A-FA02-4879-9E91-1B1DC1664611}.Release|Any CPU.Build.0 = Release|Any CPU
		{3319D4E6-F928-4E44-ADCB-73D2175BDD70}.Debug|Any CPU.ActiveCfg = Debug|Any CPU
		{3319D4E6-F928-4E44-ADCB-73D2175BDD70}.Debug|Any CPU.Build.0 = Debug|Any CPU
		{3319D4E6-F928-4E44-ADCB-73D2175BDD70}.Release|Any CPU.ActiveCfg = Release|Any CPU
		{3319D4E6-F928-4E44-ADCB-73D2175BDD70}.Release|Any CPU.Build.0 = Release|Any CPU
		{57A70383-85C2-4344-931C-7DAC11EA74DA}.Debug|Any CPU.ActiveCfg = Debug|Any CPU
		{57A70383-85C2-4344-931C-7DAC11EA74DA}.Debug|Any CPU.Build.0 = Debug|Any CPU
		{57A70383-85C2-4344-931C-7DAC11EA74DA}.Release|Any CPU.ActiveCfg = Release|Any CPU
		{57A70383-85C2-4344-931C-7DAC11EA74DA}.Release|Any CPU.Build.0 = Release|Any CPU
		{B9284B10-2CB0-4587-BBF4-E03BFD6ADD53}.Debug|Any CPU.ActiveCfg = Debug|Any CPU
		{B9284B10-2CB0-4587-BBF4-E03BFD6ADD53}.Debug|Any CPU.Build.0 = Debug|Any CPU
		{B9284B10-2CB0-4587-BBF4-E03BFD6ADD53}.Release|Any CPU.ActiveCfg = Release|Any CPU
		{B9284B10-2CB0-4587-BBF4-E03BFD6ADD53}.Release|Any CPU.Build.0 = Release|Any CPU
		{59F198CC-6C52-490E-83FD-9E2ABA0A6326}.Debug|Any CPU.ActiveCfg = Debug|Any CPU
		{59F198CC-6C52-490E-83FD-9E2ABA0A6326}.Debug|Any CPU.Build.0 = Debug|Any CPU
		{59F198CC-6C52-490E-83FD-9E2ABA0A6326}.Release|Any CPU.ActiveCfg = Release|Any CPU
		{59F198CC-6C52-490E-83FD-9E2ABA0A6326}.Release|Any CPU.Build.0 = Release|Any CPU
		{FD385180-B070-42D8-BD04-24A62A5F4D55}.Debug|Any CPU.ActiveCfg = Debug|Any CPU
		{FD385180-B070-42D8-BD04-24A62A5F4D55}.Debug|Any CPU.Build.0 = Debug|Any CPU
		{FD385180-B070-42D8-BD04-24A62A5F4D55}.Release|Any CPU.ActiveCfg = Release|Any CPU
		{FD385180-B070-42D8-BD04-24A62A5F4D55}.Release|Any CPU.Build.0 = Release|Any CPU
		{AA8271F1-551A-431E-B831-C09B0A061942}.Debug|Any CPU.ActiveCfg = Debug|Any CPU
		{AA8271F1-551A-431E-B831-C09B0A061942}.Debug|Any CPU.Build.0 = Debug|Any CPU
		{AA8271F1-551A-431E-B831-C09B0A061942}.Release|Any CPU.ActiveCfg = Release|Any CPU
		{AA8271F1-551A-431E-B831-C09B0A061942}.Release|Any CPU.Build.0 = Release|Any CPU
		{D78FE42B-06FA-4B4F-8861-F18082E32B0C}.Debug|Any CPU.ActiveCfg = Debug|Any CPU
		{D78FE42B-06FA-4B4F-8861-F18082E32B0C}.Debug|Any CPU.Build.0 = Debug|Any CPU
		{D78FE42B-06FA-4B4F-8861-F18082E32B0C}.Release|Any CPU.ActiveCfg = Release|Any CPU
		{D78FE42B-06FA-4B4F-8861-F18082E32B0C}.Release|Any CPU.Build.0 = Release|Any CPU
		{205DA972-920F-40B4-8E91-5A5978AC7C84}.Debug|Any CPU.ActiveCfg = Debug|Any CPU
		{205DA972-920F-40B4-8E91-5A5978AC7C84}.Debug|Any CPU.Build.0 = Debug|Any CPU
		{205DA972-920F-40B4-8E91-5A5978AC7C84}.Release|Any CPU.ActiveCfg = Release|Any CPU
		{205DA972-920F-40B4-8E91-5A5978AC7C84}.Release|Any CPU.Build.0 = Release|Any CPU
		{51912D42-FCF6-4752-AD37-B4B69DD6E5B9}.Debug|Any CPU.ActiveCfg = Debug|Any CPU
		{51912D42-FCF6-4752-AD37-B4B69DD6E5B9}.Debug|Any CPU.Build.0 = Debug|Any CPU
		{51912D42-FCF6-4752-AD37-B4B69DD6E5B9}.Release|Any CPU.ActiveCfg = Release|Any CPU
		{51912D42-FCF6-4752-AD37-B4B69DD6E5B9}.Release|Any CPU.Build.0 = Release|Any CPU
		{F1723A04-DFDD-45D1-8133-25F50F62B4A8}.Debug|Any CPU.ActiveCfg = Debug|Any CPU
		{F1723A04-DFDD-45D1-8133-25F50F62B4A8}.Debug|Any CPU.Build.0 = Debug|Any CPU
		{F1723A04-DFDD-45D1-8133-25F50F62B4A8}.Release|Any CPU.ActiveCfg = Release|Any CPU
		{F1723A04-DFDD-45D1-8133-25F50F62B4A8}.Release|Any CPU.Build.0 = Release|Any CPU
		{138A5E43-2199-48D5-90A0-9253025727F2}.Debug|Any CPU.ActiveCfg = Debug|Any CPU
		{138A5E43-2199-48D5-90A0-9253025727F2}.Debug|Any CPU.Build.0 = Debug|Any CPU
		{138A5E43-2199-48D5-90A0-9253025727F2}.Release|Any CPU.ActiveCfg = Release|Any CPU
		{138A5E43-2199-48D5-90A0-9253025727F2}.Release|Any CPU.Build.0 = Release|Any CPU
		{603D3018-9571-425B-9850-F3C1DF895D58}.Debug|Any CPU.ActiveCfg = Debug|Any CPU
		{603D3018-9571-425B-9850-F3C1DF895D58}.Debug|Any CPU.Build.0 = Debug|Any CPU
		{603D3018-9571-425B-9850-F3C1DF895D58}.Release|Any CPU.ActiveCfg = Release|Any CPU
		{603D3018-9571-425B-9850-F3C1DF895D58}.Release|Any CPU.Build.0 = Release|Any CPU
		{440A0D69-B970-4B6D-BFE2-E50345599F60}.Debug|Any CPU.ActiveCfg = Debug|Any CPU
		{440A0D69-B970-4B6D-BFE2-E50345599F60}.Debug|Any CPU.Build.0 = Debug|Any CPU
		{440A0D69-B970-4B6D-BFE2-E50345599F60}.Release|Any CPU.ActiveCfg = Release|Any CPU
		{440A0D69-B970-4B6D-BFE2-E50345599F60}.Release|Any CPU.Build.0 = Release|Any CPU
		{7C9663E4-478E-4320-B0C2-7DBCE07D8B34}.Debug|Any CPU.ActiveCfg = Debug|Any CPU
		{7C9663E4-478E-4320-B0C2-7DBCE07D8B34}.Debug|Any CPU.Build.0 = Debug|Any CPU
		{7C9663E4-478E-4320-B0C2-7DBCE07D8B34}.Release|Any CPU.ActiveCfg = Release|Any CPU
		{7C9663E4-478E-4320-B0C2-7DBCE07D8B34}.Release|Any CPU.Build.0 = Release|Any CPU
		{6845F7C9-FDC4-47FD-AD1B-4159A6EDBF4B}.Debug|Any CPU.ActiveCfg = Debug|Any CPU
		{6845F7C9-FDC4-47FD-AD1B-4159A6EDBF4B}.Debug|Any CPU.Build.0 = Debug|Any CPU
		{6845F7C9-FDC4-47FD-AD1B-4159A6EDBF4B}.Release|Any CPU.ActiveCfg = Release|Any CPU
		{6845F7C9-FDC4-47FD-AD1B-4159A6EDBF4B}.Release|Any CPU.Build.0 = Release|Any CPU
		{2AED313E-52A1-4EB9-93CB-FFAFC8CFA7BB}.Debug|Any CPU.ActiveCfg = Debug|Any CPU
		{2AED313E-52A1-4EB9-93CB-FFAFC8CFA7BB}.Debug|Any CPU.Build.0 = Debug|Any CPU
		{2AED313E-52A1-4EB9-93CB-FFAFC8CFA7BB}.Release|Any CPU.ActiveCfg = Release|Any CPU
		{2AED313E-52A1-4EB9-93CB-FFAFC8CFA7BB}.Release|Any CPU.Build.0 = Release|Any CPU
		{9EEB7B3B-6048-4A8A-8F73-1D647124C03F}.Debug|Any CPU.ActiveCfg = Debug|Any CPU
		{9EEB7B3B-6048-4A8A-8F73-1D647124C03F}.Debug|Any CPU.Build.0 = Debug|Any CPU
		{9EEB7B3B-6048-4A8A-8F73-1D647124C03F}.Release|Any CPU.ActiveCfg = Release|Any CPU
		{9EEB7B3B-6048-4A8A-8F73-1D647124C03F}.Release|Any CPU.Build.0 = Release|Any CPU
		{CF572D5B-03E8-44D8-9908-1B81F1E9A934}.Debug|Any CPU.ActiveCfg = Debug|Any CPU
		{CF572D5B-03E8-44D8-9908-1B81F1E9A934}.Debug|Any CPU.Build.0 = Debug|Any CPU
		{CF572D5B-03E8-44D8-9908-1B81F1E9A934}.Release|Any CPU.ActiveCfg = Release|Any CPU
		{CF572D5B-03E8-44D8-9908-1B81F1E9A934}.Release|Any CPU.Build.0 = Release|Any CPU
		{EBD795EF-A690-42E6-B70B-5B74F2F75C53}.Debug|Any CPU.ActiveCfg = Debug|Any CPU
		{EBD795EF-A690-42E6-B70B-5B74F2F75C53}.Debug|Any CPU.Build.0 = Debug|Any CPU
		{EBD795EF-A690-42E6-B70B-5B74F2F75C53}.Release|Any CPU.ActiveCfg = Release|Any CPU
		{EBD795EF-A690-42E6-B70B-5B74F2F75C53}.Release|Any CPU.Build.0 = Release|Any CPU
		{F67C5698-A3D1-44EB-8BA4-3862BCC0C5D2}.Debug|Any CPU.ActiveCfg = Debug|Any CPU
		{F67C5698-A3D1-44EB-8BA4-3862BCC0C5D2}.Debug|Any CPU.Build.0 = Debug|Any CPU
		{F67C5698-A3D1-44EB-8BA4-3862BCC0C5D2}.Release|Any CPU.ActiveCfg = Release|Any CPU
		{F67C5698-A3D1-44EB-8BA4-3862BCC0C5D2}.Release|Any CPU.Build.0 = Release|Any CPU
	EndGlobalSection
	GlobalSection(NestedProjects) = preSolution
		{C2CC1C8C-1567-4A3D-AFE9-28E45D20B526} = {2C09455B-7F4E-4881-9E8A-08E94ABC8D03}
		{5D085898-B081-48BF-B5A4-FDE32DA1B493} = {2C09455B-7F4E-4881-9E8A-08E94ABC8D03}
		{DF0BC98A-FA02-4879-9E91-1B1DC1664611} = {2C09455B-7F4E-4881-9E8A-08E94ABC8D03}
		{3319D4E6-F928-4E44-ADCB-73D2175BDD70} = {2C09455B-7F4E-4881-9E8A-08E94ABC8D03}
		{57A70383-85C2-4344-931C-7DAC11EA74DA} = {2C09455B-7F4E-4881-9E8A-08E94ABC8D03}
		{B9284B10-2CB0-4587-BBF4-E03BFD6ADD53} = {2C09455B-7F4E-4881-9E8A-08E94ABC8D03}
		{59F198CC-6C52-490E-83FD-9E2ABA0A6326} = {2C09455B-7F4E-4881-9E8A-08E94ABC8D03}
		{FD385180-B070-42D8-BD04-24A62A5F4D55} = {2C09455B-7F4E-4881-9E8A-08E94ABC8D03}
		{AA8271F1-551A-431E-B831-C09B0A061942} = {2C09455B-7F4E-4881-9E8A-08E94ABC8D03}
		{D78FE42B-06FA-4B4F-8861-F18082E32B0C} = {2C09455B-7F4E-4881-9E8A-08E94ABC8D03}
		{205DA972-920F-40B4-8E91-5A5978AC7C84} = {2C09455B-7F4E-4881-9E8A-08E94ABC8D03}
		{51912D42-FCF6-4752-AD37-B4B69DD6E5B9} = {2C09455B-7F4E-4881-9E8A-08E94ABC8D03}
		{F1723A04-DFDD-45D1-8133-25F50F62B4A8} = {2C09455B-7F4E-4881-9E8A-08E94ABC8D03}
		{138A5E43-2199-48D5-90A0-9253025727F2} = {2C09455B-7F4E-4881-9E8A-08E94ABC8D03}
		{603D3018-9571-425B-9850-F3C1DF895D58} = {2C09455B-7F4E-4881-9E8A-08E94ABC8D03}
		{440A0D69-B970-4B6D-BFE2-E50345599F60} = {2C09455B-7F4E-4881-9E8A-08E94ABC8D03}
		{7C9663E4-478E-4320-B0C2-7DBCE07D8B34} = {2C09455B-7F4E-4881-9E8A-08E94ABC8D03}
		{6845F7C9-FDC4-47FD-AD1B-4159A6EDBF4B} = {2C09455B-7F4E-4881-9E8A-08E94ABC8D03}
		{2AED313E-52A1-4EB9-93CB-FFAFC8CFA7BB} = {2C09455B-7F4E-4881-9E8A-08E94ABC8D03}
		{9EEB7B3B-6048-4A8A-8F73-1D647124C03F} = {2C09455B-7F4E-4881-9E8A-08E94ABC8D03}
		{CF572D5B-03E8-44D8-9908-1B81F1E9A934} = {2C09455B-7F4E-4881-9E8A-08E94ABC8D03}
		{EBD795EF-A690-42E6-B70B-5B74F2F75C53} = {2C09455B-7F4E-4881-9E8A-08E94ABC8D03}
		{F67C5698-A3D1-44EB-8BA4-3862BCC0C5D2} = {2C09455B-7F4E-4881-9E8A-08E94ABC8D03}
	EndGlobalSection
EndGlobal
